<?xml version="1.0" encoding="utf-8"?>
<Project ToolsVersion="4.0" xmlns="http://schemas.microsoft.com/developer/msbuild/2003">
  <ItemGroup>
    <Filter Include="Source Files">
      <UniqueIdentifier>{4FC737F1-C7A5-4376-A066-2A32D752A2FF}</UniqueIdentifier>
      <Extensions>cpp;c;cc;cxx;c++;cppm;ixx;def;odl;idl;hpj;bat;asm;asmx</Extensions>
    </Filter>
    <Filter Include="Header Files">
      <UniqueIdentifier>{93995380-89BD-4b04-88EB-625FBE52EBFB}</UniqueIdentifier>
      <Extensions>h;hh;hpp;hxx;h++;hm;inl;inc;ipp;xsd</Extensions>
    </Filter>
    <Filter Include="Resource Files">
      <UniqueIdentifier>{67DA6AB6-F800-4c08-8B7A-83BB121AAD01}</UniqueIdentifier>
      <Extensions>rc;ico;cur;bmp;dlg;rc2;rct;bin;rgs;gif;jpg;jpeg;jpe;resx;tiff;tif;png;wav;mfcribbon-ms</Extensions>
    </Filter>
    <Filter Include="Source Files\Archive">
      <UniqueIdentifier>{d89a1c49-3e92-4186-99b4-17c3346c6837}</UniqueIdentifier>
    </Filter>
  </ItemGroup>
  <ItemGroup>
    <ClCompile Include="Archive\mainn.cpp">
      <Filter>Source Files\Archive</Filter>
    </ClCompile>
    <ClCompile Include="Archive\Position.cpp">
      <Filter>Source Files\Archive</Filter>
    </ClCompile>
    <ClCompile Include="main.cpp">
      <Filter>Source Files</Filter>
    </ClCompile>
  </ItemGroup>
  <ItemGroup>
    <ClInclude Include="Archive\AttackPhase.h">
      <Filter>Source Files\Archive</Filter>
    </ClInclude>
    <ClInclude Include="Archive\Battlefield.h">
      <Filter>Source Files\Archive</Filter>
    </ClInclude>
    <ClInclude Include="Archive\Buffs.h">
      <Filter>Source Files\Archive</Filter>
    </ClInclude>
    <ClInclude Include="Archive\Counts.h">
      <Filter>Source Files\Archive</Filter>
    </ClInclude>
    <ClInclude Include="Archive\Damage.h">
      <Filter>Source Files\Archive</Filter>
    </ClInclude>
    <ClInclude Include="Archive\Debuffs.h">
      <Filter>Source Files\Archive</Filter>
    </ClInclude>
    <ClInclude Include="Archive\Defs.h">
      <Filter>Source Files\Archive</Filter>
    </ClInclude>
    <ClInclude Include="Archive\FlatBuffs.h">
      <Filter>Source Files\Archive</Filter>
    </ClInclude>
    <ClInclude Include="Archive\InitialStats.h">
      <Filter>Source Files\Archive</Filter>
    </ClInclude>
    <ClInclude Include="Archive\InRange.h">
      <Filter>Source Files\Archive</Filter>
    </ClInclude>
    <ClInclude Include="Archive\LossesPending.h">
      <Filter>Source Files\Archive</Filter>
    </ClInclude>
    <ClInclude Include="Archive\LossesPhase.h">
      <Filter>Source Files\Archive</Filter>
    </ClInclude>
    <ClInclude Include="Archive\MovementPhase.h">
      <Filter>Source Files\Archive</Filter>
    </ClInclude>
    <ClInclude Include="Archive\Players.h">
      <Filter>Source Files\Archive</Filter>
    </ClInclude>
    <ClInclude Include="Archive\Position.h">
      <Filter>Source Files\Archive</Filter>
    </ClInclude>
    <ClInclude Include="Archive\ScalarValues.h">
      <Filter>Source Files\Archive</Filter>
    </ClInclude>
    <ClInclude Include="Archive\SkillBook.h">
      <Filter>Source Files\Archive</Filter>
    </ClInclude>
    <ClInclude Include="Archive\Stats.h">
      <Filter>Source Files\Archive</Filter>
    </ClInclude>
    <ClInclude Include="Archive\Target.h">
      <Filter>Source Files\Archive</Filter>
    </ClInclude>
    <ClInclude Include="Archive\Targeting.h">
      <Filter>Source Files\Archive</Filter>
    </ClInclude>
    <ClInclude Include="Archive\Troops.h">
      <Filter>Source Files\Archive</Filter>
    </ClInclude>
    <ClInclude Include="Archive\UI.h">
      <Filter>Source Files\Archive</Filter>
    </ClInclude>
  </ItemGroup>
</Project>